
Microsoft Visual Studio Solution File, Format Version 12.00
# Visual Studio Version 16
VisualStudioVersion = 16.0.29318.209
MinimumVisualStudioVersion = 10.0.40219.1
Project("{FAE04EC0-301F-11D3-BF4B-00C04F79EFBC}") = "LemonadeStand", "LemonadeStand\LemonadeStand.csproj", "{0CA5ACF8-C555-474F-ADDD-694A3C9D2A05}"
EndProject
Global
	GlobalSection(SolutionConfigurationPlatforms) = preSolution
		Debug|Any CPU = Debug|Any CPU
		Release|Any CPU = Release|Any CPU
	EndGlobalSection
	GlobalSection(ProjectConfigurationPlatforms) = postSolution
		{0CA5ACF8-C555-474F-ADDD-694A3C9D2A05}.Debug|Any CPU.ActiveCfg = Debug|Any CPU
		{0CA5ACF8-C555-474F-ADDD-694A3C9D2A05}.Debug|Any CPU.Build.0 = Debug|Any CPU
		{0CA5ACF8-C555-474F-ADDD-694A3C9D2A05}.Release|Any CPU.ActiveCfg = Release|Any CPU
		{0CA5ACF8-C555-474F-ADDD-694A3C9D2A05}.Release|Any CPU.Build.0 = Release|Any CPU
	EndGlobalSection
	GlobalSection(SolutionProperties) = preSolution
		HideSolutionNode = FALSE
	EndGlobalSection
	GlobalSection(ExtensibilityGlobals) = postSolution
		SolutionGuid = {89175E01-2CA7-455D-89EE-9C714F86788C}
	EndGlobalSection
EndGlobal
